
Microsoft Visual Studio Solution File, Format Version 12.00
# Visual Studio Version 17
VisualStudioVersion = 17.0.31903.59
MinimumVisualStudioVersion = 10.0.40219.1
Project("{FAE04EC0-301F-11D3-BF4B-00C04F79EFBC}") = "cerberus-pass", "cerberus-pass\cerberus-pass.csproj", "{4506520C-8F66-44B9-B165-E2CD4F2E5111}"
EndProject
Project("{FAE04EC0-301F-11D3-BF4B-00C04F79EFBC}") = "polymorphism-logging", "polymorphism-logging\polymorphism-logging.csproj", "{4FB1996F-6809-467A-A75F-D7016A1BF4B8}"
EndProject
Project("{FAE04EC0-301F-11D3-BF4B-00C04F79EFBC}") = "maui-default-template", "maui-default-template\maui-default-template.csproj", "{E01DBA0F-8B9A-4088-9F3D-EEE685E74F1B}"
EndProject
Project("{FAE04EC0-301F-11D3-BF4B-00C04F79EFBC}") = "maui-simple", "maui-simple\maui-simple.csproj", "{58FA3B53-7004-4E99-AD22-7C09B3671EE0}"
EndProject
Project("{FAE04EC0-301F-11D3-BF4B-00C04F79EFBC}") = "maui-cerberus-pass", "maui-cerberus-pass\maui-cerberus-pass.csproj", "{E407938C-07B3-470C-8CC4-65045ADA91E6}"
EndProject
Project("{FAE04EC0-301F-11D3-BF4B-00C04F79EFBC}") = "password-manager-toolkit", "password-manager-toolkit\password-manager-toolkit.csproj", "{55A40C2B-48E9-439B-8AF6-5F6EE392606B}"
EndProject
Project("{FAE04EC0-301F-11D3-BF4B-00C04F79EFBC}") = "maui-propertychanged", "maui-propertychanged\maui-propertychanged.csproj", "{FFD24CB9-EB47-4C20-815E-268E87971592}"
EndProject
Project("{FAE04EC0-301F-11D3-BF4B-00C04F79EFBC}") = "delegates-events", "delegates-events\delegates-events.csproj", "{6E21795D-AA23-4743-B7F8-68851FECD8B4}"
EndProject
Global
	GlobalSection(SolutionConfigurationPlatforms) = preSolution
		Debug|Any CPU = Debug|Any CPU
		Release|Any CPU = Release|Any CPU
	EndGlobalSection
	GlobalSection(ProjectConfigurationPlatforms) = postSolution
		{4506520C-8F66-44B9-B165-E2CD4F2E5111}.Debug|Any CPU.ActiveCfg = Debug|Any CPU
		{4506520C-8F66-44B9-B165-E2CD4F2E5111}.Debug|Any CPU.Build.0 = Debug|Any CPU
		{4506520C-8F66-44B9-B165-E2CD4F2E5111}.Release|Any CPU.ActiveCfg = Release|Any CPU
		{4506520C-8F66-44B9-B165-E2CD4F2E5111}.Release|Any CPU.Build.0 = Release|Any CPU
		{4FB1996F-6809-467A-A75F-D7016A1BF4B8}.Debug|Any CPU.ActiveCfg = Debug|Any CPU
		{4FB1996F-6809-467A-A75F-D7016A1BF4B8}.Debug|Any CPU.Build.0 = Debug|Any CPU
		{4FB1996F-6809-467A-A75F-D7016A1BF4B8}.Release|Any CPU.ActiveCfg = Release|Any CPU
		{4FB1996F-6809-467A-A75F-D7016A1BF4B8}.Release|Any CPU.Build.0 = Release|Any CPU
		{E01DBA0F-8B9A-4088-9F3D-EEE685E74F1B}.Debug|Any CPU.ActiveCfg = Debug|Any CPU
		{E01DBA0F-8B9A-4088-9F3D-EEE685E74F1B}.Debug|Any CPU.Build.0 = Debug|Any CPU
		{E01DBA0F-8B9A-4088-9F3D-EEE685E74F1B}.Debug|Any CPU.Deploy.0 = Debug|Any CPU
		{E01DBA0F-8B9A-4088-9F3D-EEE685E74F1B}.Release|Any CPU.ActiveCfg = Release|Any CPU
		{E01DBA0F-8B9A-4088-9F3D-EEE685E74F1B}.Release|Any CPU.Build.0 = Release|Any CPU
		{58FA3B53-7004-4E99-AD22-7C09B3671EE0}.Debug|Any CPU.ActiveCfg = Debug|Any CPU
		{58FA3B53-7004-4E99-AD22-7C09B3671EE0}.Debug|Any CPU.Build.0 = Debug|Any CPU
		{58FA3B53-7004-4E99-AD22-7C09B3671EE0}.Debug|Any CPU.Deploy.0 = Debug|Any CPU
		{58FA3B53-7004-4E99-AD22-7C09B3671EE0}.Release|Any CPU.ActiveCfg = Release|Any CPU
		{58FA3B53-7004-4E99-AD22-7C09B3671EE0}.Release|Any CPU.Build.0 = Release|Any CPU
		{E407938C-07B3-470C-8CC4-65045ADA91E6}.Debug|Any CPU.ActiveCfg = Debug|Any CPU
		{E407938C-07B3-470C-8CC4-65045ADA91E6}.Debug|Any CPU.Build.0 = Debug|Any CPU
		{E407938C-07B3-470C-8CC4-65045ADA91E6}.Debug|Any CPU.Deploy.0 = Debug|Any CPU
		{E407938C-07B3-470C-8CC4-65045ADA91E6}.Release|Any CPU.ActiveCfg = Release|Any CPU
		{E407938C-07B3-470C-8CC4-65045ADA91E6}.Release|Any CPU.Build.0 = Release|Any CPU
		{55A40C2B-48E9-439B-8AF6-5F6EE392606B}.Debug|Any CPU.ActiveCfg = Debug|Any CPU
		{55A40C2B-48E9-439B-8AF6-5F6EE392606B}.Debug|Any CPU.Build.0 = Debug|Any CPU
		{55A40C2B-48E9-439B-8AF6-5F6EE392606B}.Release|Any CPU.ActiveCfg = Release|Any CPU
		{55A40C2B-48E9-439B-8AF6-5F6EE392606B}.Release|Any CPU.Build.0 = Release|Any CPU
		{FFD24CB9-EB47-4C20-815E-268E87971592}.Debug|Any CPU.ActiveCfg = Debug|Any CPU
		{FFD24CB9-EB47-4C20-815E-268E87971592}.Debug|Any CPU.Build.0 = Debug|Any CPU
		{FFD24CB9-EB47-4C20-815E-268E87971592}.Debug|Any CPU.Deploy.0 = Debug|Any CPU
		{FFD24CB9-EB47-4C20-815E-268E87971592}.Release|Any CPU.ActiveCfg = Release|Any CPU
		{FFD24CB9-EB47-4C20-815E-268E87971592}.Release|Any CPU.Build.0 = Release|Any CPU
		{6E21795D-AA23-4743-B7F8-68851FECD8B4}.Debug|Any CPU.ActiveCfg = Debug|Any CPU
		{6E21795D-AA23-4743-B7F8-68851FECD8B4}.Debug|Any CPU.Build.0 = Debug|Any CPU
		{6E21795D-AA23-4743-B7F8-68851FECD8B4}.Release|Any CPU.ActiveCfg = Release|Any CPU
		{6E21795D-AA23-4743-B7F8-68851FECD8B4}.Release|Any CPU.Build.0 = Release|Any CPU
	EndGlobalSection
	GlobalSection(SolutionProperties) = preSolution
		HideSolutionNode = FALSE
	EndGlobalSection
	GlobalSection(ExtensibilityGlobals) = postSolution
		SolutionGuid = {0638B679-6DE7-4A9F-A690-E056FC841F84}
	EndGlobalSection
EndGlobal
